
Microsoft Visual Studio Solution File, Format Version 12.00
# Visual Studio 15
VisualStudioVersion = 15.0.26730.12
MinimumVisualStudioVersion = 10.0.40219.1
Project("{FAE04EC0-301F-11D3-BF4B-00C04F79EFBC}") = "TajawalHotels", "TajawalHotels\TajawalHotels.csproj", "{B65B988B-1ABF-4C63-89F4-DE2ADDC4CA31}"
EndProject
Project("{FAE04EC0-301F-11D3-BF4B-00C04F79EFBC}") = "TajawalHotels.Tests", "TajawalHotels.Tests\TajawalHotels.Tests.csproj", "{D7604283-CD00-4C24-BBA2-AAFD9D1EB655}"
EndProject
Project("{2150E333-8FDC-42A3-9474-1A3956D46DE8}") = "Solution Items", "Solution Items", "{5F47D841-6CFA-4F24-9A7E-775BADBA1710}"
	ProjectSection(SolutionItems) = preProject
		README.txt = README.txt
	EndProjectSection
EndProject
Global
	GlobalSection(SolutionConfigurationPlatforms) = preSolution
		Debug|Any CPU = Debug|Any CPU
		Release|Any CPU = Release|Any CPU
	EndGlobalSection
	GlobalSection(ProjectConfigurationPlatforms) = postSolution
		{B65B988B-1ABF-4C63-89F4-DE2ADDC4CA31}.Debug|Any CPU.ActiveCfg = Debug|Any CPU
		{B65B988B-1ABF-4C63-89F4-DE2ADDC4CA31}.Debug|Any CPU.Build.0 = Debug|Any CPU
		{B65B988B-1ABF-4C63-89F4-DE2ADDC4CA31}.Release|Any CPU.ActiveCfg = Release|Any CPU
		{B65B988B-1ABF-4C63-89F4-DE2ADDC4CA31}.Release|Any CPU.Build.0 = Release|Any CPU
		{D7604283-CD00-4C24-BBA2-AAFD9D1EB655}.Debug|Any CPU.ActiveCfg = Debug|Any CPU
		{D7604283-CD00-4C24-BBA2-AAFD9D1EB655}.Debug|Any CPU.Build.0 = Debug|Any CPU
		{D7604283-CD00-4C24-BBA2-AAFD9D1EB655}.Release|Any CPU.ActiveCfg = Release|Any CPU
		{D7604283-CD00-4C24-BBA2-AAFD9D1EB655}.Release|Any CPU.Build.0 = Release|Any CPU
	EndGlobalSection
	GlobalSection(SolutionProperties) = preSolution
		HideSolutionNode = FALSE
	EndGlobalSection
	GlobalSection(ExtensibilityGlobals) = postSolution
		SolutionGuid = {B6FE9022-E3E9-4367-8D64-8922F27747A5}
	EndGlobalSection
EndGlobal
